
Microsoft Visual Studio Solution File, Format Version 12.00
# Visual Studio 15
VisualStudioVersion = 15.0.27703.2018
MinimumVisualStudioVersion = 10.0.40219.1
Project("{9A19103F-16F7-4668-BE54-9A1E7A4F7556}") = "SqlDatabase", "SqlDatabase\SqlDatabase.csproj", "{8ABAD76B-27ED-4730-91F9-EA9FF10600AD}"
EndProject
Project("{9A19103F-16F7-4668-BE54-9A1E7A4F7556}") = "MigrateSqlDbToMongoDbApplication", "MigrateSqlDbToMongoDbApplication\MigrateSqlDbToMongoDbApplication.csproj", "{676D6929-2ED2-4C81-842E-BB745024792E}"
EndProject
Project("{9A19103F-16F7-4668-BE54-9A1E7A4F7556}") = "MongoDatabase", "MongoDatabase\MongoDatabase.csproj", "{2C16BC12-FAD8-41CF-9830-5F9BA9E26EC3}"
EndProject
Project("{FAE04EC0-301F-11D3-BF4B-00C04F79EFBC}") = "MongoDatabaseHrToolv1", "MongoDatabaseHrToolv1\MongoDatabaseHrToolv1.csproj", "{468858C3-8D9E-46E6-BF7E-0584A74B50C2}"
EndProject
Global
	GlobalSection(SolutionConfigurationPlatforms) = preSolution
		Debug|Any CPU = Debug|Any CPU
		Release|Any CPU = Release|Any CPU
	EndGlobalSection
	GlobalSection(ProjectConfigurationPlatforms) = postSolution
		{8ABAD76B-27ED-4730-91F9-EA9FF10600AD}.Debug|Any CPU.ActiveCfg = Debug|Any CPU
		{8ABAD76B-27ED-4730-91F9-EA9FF10600AD}.Debug|Any CPU.Build.0 = Debug|Any CPU
		{8ABAD76B-27ED-4730-91F9-EA9FF10600AD}.Release|Any CPU.ActiveCfg = Release|Any CPU
		{8ABAD76B-27ED-4730-91F9-EA9FF10600AD}.Release|Any CPU.Build.0 = Release|Any CPU
		{676D6929-2ED2-4C81-842E-BB745024792E}.Debug|Any CPU.ActiveCfg = Debug|Any CPU
		{676D6929-2ED2-4C81-842E-BB745024792E}.Debug|Any CPU.Build.0 = Debug|Any CPU
		{676D6929-2ED2-4C81-842E-BB745024792E}.Release|Any CPU.ActiveCfg = Release|Any CPU
		{676D6929-2ED2-4C81-842E-BB745024792E}.Release|Any CPU.Build.0 = Release|Any CPU
		{2C16BC12-FAD8-41CF-9830-5F9BA9E26EC3}.Debug|Any CPU.ActiveCfg = Debug|Any CPU
		{2C16BC12-FAD8-41CF-9830-5F9BA9E26EC3}.Debug|Any CPU.Build.0 = Debug|Any CPU
		{2C16BC12-FAD8-41CF-9830-5F9BA9E26EC3}.Release|Any CPU.ActiveCfg = Release|Any CPU
		{2C16BC12-FAD8-41CF-9830-5F9BA9E26EC3}.Release|Any CPU.Build.0 = Release|Any CPU
		{468858C3-8D9E-46E6-BF7E-0584A74B50C2}.Debug|Any CPU.ActiveCfg = Debug|Any CPU
		{468858C3-8D9E-46E6-BF7E-0584A74B50C2}.Debug|Any CPU.Build.0 = Debug|Any CPU
		{468858C3-8D9E-46E6-BF7E-0584A74B50C2}.Release|Any CPU.ActiveCfg = Release|Any CPU
		{468858C3-8D9E-46E6-BF7E-0584A74B50C2}.Release|Any CPU.Build.0 = Release|Any CPU
	EndGlobalSection
	GlobalSection(SolutionProperties) = preSolution
		HideSolutionNode = FALSE
	EndGlobalSection
	GlobalSection(ExtensibilityGlobals) = postSolution
		SolutionGuid = {7EADEDFA-3EB9-48C1-ADA3-35447FB916D5}
	EndGlobalSection
EndGlobal
